
Microsoft Visual Studio Solution File, Format Version 12.00
# Visual Studio Version 16
VisualStudioVersion = 16.0.30717.126
MinimumVisualStudioVersion = 10.0.40219.1
Project("{9A19103F-16F7-4668-BE54-9A1E7A4F7556}") = "Datenstrom", "Datenstrom.csproj", "{C69329EB-0B38-4FF8-8969-5E1D3029976E}"
EndProject
Global
	GlobalSection(SolutionConfigurationPlatforms) = preSolution
		Debug|Any CPU = Debug|Any CPU
		Release|Any CPU = Release|Any CPU
	EndGlobalSection
	GlobalSection(ProjectConfigurationPlatforms) = postSolution
		{C69329EB-0B38-4FF8-8969-5E1D3029976E}.Debug|Any CPU.ActiveCfg = Debug|Any CPU
		{C69329EB-0B38-4FF8-8969-5E1D3029976E}.Debug|Any CPU.Build.0 = Debug|Any CPU
		{C69329EB-0B38-4FF8-8969-5E1D3029976E}.Release|Any CPU.ActiveCfg = Release|Any CPU
		{C69329EB-0B38-4FF8-8969-5E1D3029976E}.Release|Any CPU.Build.0 = Release|Any CPU
	EndGlobalSection
	GlobalSection(SolutionProperties) = preSolution
		HideSolutionNode = FALSE
	EndGlobalSection
	GlobalSection(ExtensibilityGlobals) = postSolution
		SolutionGuid = {6DA44D99-D744-461C-BF3B-4DF4AF6E3CDE}
	EndGlobalSection
EndGlobal
